{
  "name": "grupocorein",
  "lockfileVersion": 2,
  "requires": true,
  "packages": {
    "": {
      "dependencies": {
        "@fancyapps/ui": "^5.0.27",
        "owl-carousel": "^1.0.0",
        "pdfobject": "^2.2.12"
      }
    },
    "node_modules/@fancyapps/ui": {
      "version": "5.0.27",
      "resolved": "https://registry.npmjs.org/@fancyapps/ui/-/ui-5.0.27.tgz",
      "integrity": "sha512-GK0hEmVMukXVVto9pjOGUZVgUv1UUDa0REjOfj1Ls1XO/RPzO+qT2XcKCkyEjflXk9KS4ri8JqMhZDRkvWZukA=="
    },
    "node_modules/owl-carousel": {
      "version": "1.0.0",
      "resolved": "https://registry.npmjs.org/owl-carousel/-/owl-carousel-1.0.0.tgz",
      "integrity": "sha512-xgOxxUqpSPM0dopWkcMri9MoGv8TrEDAnsc+6OYuHhO2x3YpsEKDW2fJomPDOA6KkSTa3utLvgP+irVwAXSGog=="
    },
    "node_modules/pdfobject": {
      "version": "2.2.12",
      "resolved": "https://registry.npmjs.org/pdfobject/-/pdfobject-2.2.12.tgz",
      "integrity": "sha512-D0oyD/sj8j82AMaJhoyMaY1aD5TkbpU3FbJC6w9/cpJlZRpYHqAkutXw1Ca/FKjYPZmTAu58uGIfgOEaDlbY8A=="
    }
  },
  "dependencies": {
    "@fancyapps/ui": {
      "version": "5.0.27",
      "resolved": "https://registry.npmjs.org/@fancyapps/ui/-/ui-5.0.27.tgz",
      "integrity": "sha512-GK0hEmVMukXVVto9pjOGUZVgUv1UUDa0REjOfj1Ls1XO/RPzO+qT2XcKCkyEjflXk9KS4ri8JqMhZDRkvWZukA=="
    },
    "owl-carousel": {
      "version": "1.0.0",
      "resolved": "https://registry.npmjs.org/owl-carousel/-/owl-carousel-1.0.0.tgz",
      "integrity": "sha512-xgOxxUqpSPM0dopWkcMri9MoGv8TrEDAnsc+6OYuHhO2x3YpsEKDW2fJomPDOA6KkSTa3utLvgP+irVwAXSGog=="
    },
    "pdfobject": {
      "version": "2.2.12",
      "resolved": "https://registry.npmjs.org/pdfobject/-/pdfobject-2.2.12.tgz",
      "integrity": "sha512-D0oyD/sj8j82AMaJhoyMaY1aD5TkbpU3FbJC6w9/cpJlZRpYHqAkutXw1Ca/FKjYPZmTAu58uGIfgOEaDlbY8A=="
    }
  }
}
